{
  "nodes": {
    "nixpkgs": {
      "locked": {
        "lastModified": 1728836203,
        "narHash": "sha256-adZzJp5rrGW+BBUMEP2j+ZjG8k6miQuUZKT+Npc4HWI=",
        "owner": "NixOS",
        "repo": "nixpkgs",
        "rev": "16a8db078642abcacbeaab8ce4c5267857f18ff2",
        "type": "github"
      },
      "original": {
        "owner": "NixOS",
        "ref": "master",
        "repo": "nixpkgs",
        "rev": "16a8db078642abcacbeaab8ce4c5267857f18ff2",
        "type": "github"
      }
    },
    "root": {
      "inputs": {
        "nixpkgs": "nixpkgs"
      }
    }
  },
  "root": "root",
  "version": 7
}
